
Microsoft Visual Studio Solution File, Format Version 12.00
# Visual Studio Version 17
VisualStudioVersion = 17.4.33122.133
MinimumVisualStudioVersion = 10.0.40219.1
Project("{FAE04EC0-301F-11D3-BF4B-00C04F79EFBC}") = "Hodykina", "Hodykina.csproj", "{F88AD1D9-5D34-448B-AE70-4606489629FA}"
EndProject
Global
	GlobalSection(SolutionConfigurationPlatforms) = preSolution
		Debug|Any CPU = Debug|Any CPU
		Release|Any CPU = Release|Any CPU
	EndGlobalSection
	GlobalSection(ProjectConfigurationPlatforms) = postSolution
		{F88AD1D9-5D34-448B-AE70-4606489629FA}.Debug|Any CPU.ActiveCfg = Debug|Any CPU
		{F88AD1D9-5D34-448B-AE70-4606489629FA}.Debug|Any CPU.Build.0 = Debug|Any CPU
		{F88AD1D9-5D34-448B-AE70-4606489629FA}.Release|Any CPU.ActiveCfg = Release|Any CPU
		{F88AD1D9-5D34-448B-AE70-4606489629FA}.Release|Any CPU.Build.0 = Release|Any CPU
	EndGlobalSection
	GlobalSection(SolutionProperties) = preSolution
		HideSolutionNode = FALSE
	EndGlobalSection
	GlobalSection(ExtensibilityGlobals) = postSolution
		SolutionGuid = {156BCBEF-5058-4BF7-9127-EE172DF5B312}
	EndGlobalSection
EndGlobal
